
Microsoft Visual Studio Solution File, Format Version 12.00
Project("{FAE04EC0-301F-11D3-BF4B-00C04F79EFBC}") = "WebApplication", "WebApplication\WebApplication.csproj", "{901FECB5-774B-4938-BA13-D067DF913EB0}"
EndProject
Project("{FAE04EC0-301F-11D3-BF4B-00C04F79EFBC}") = "DataLayer", "DataLayer\DataLayer.csproj", "{5A588E39-22DD-4A3C-B2B6-9A135116747A}"
EndProject
Project("{FAE04EC0-301F-11D3-BF4B-00C04F79EFBC}") = "DataAccessLayer", "DataAccessLayer\DataAccessLayer.csproj", "{81C18724-09CB-4CC3-BD55-0706CD780F6C}"
EndProject
Project("{FAE04EC0-301F-11D3-BF4B-00C04F79EFBC}") = "PresentationLayer", "PresentationLayer\PresentationLayer.csproj", "{EC5CB20B-83B8-44AE-8287-A48D9C613AE3}"
EndProject
Project("{FAE04EC0-301F-11D3-BF4B-00C04F79EFBC}") = "DataAccessTests", "DataAccessTests\DataAccessTests.csproj", "{32EB0C41-6D80-49D6-B961-05ED83632A02}"
EndProject
Project("{FAE04EC0-301F-11D3-BF4B-00C04F79EFBC}") = "BusinessLayer", "BusinessLayer\BusinessLayer.csproj", "{0583CF71-6AD8-4074-8B16-493CB621E99A}"
EndProject
Project("{FAE04EC0-301F-11D3-BF4B-00C04F79EFBC}") = "DomenModels", "DomenModels\DomenModels.csproj", "{F18D7A49-8717-460C-BEAC-7F6494BCA5E6}"
EndProject
Global
	GlobalSection(SolutionConfigurationPlatforms) = preSolution
		Debug|Any CPU = Debug|Any CPU
		Release|Any CPU = Release|Any CPU
	EndGlobalSection
	GlobalSection(ProjectConfigurationPlatforms) = postSolution
		{901FECB5-774B-4938-BA13-D067DF913EB0}.Debug|Any CPU.ActiveCfg = Debug|Any CPU
		{901FECB5-774B-4938-BA13-D067DF913EB0}.Debug|Any CPU.Build.0 = Debug|Any CPU
		{901FECB5-774B-4938-BA13-D067DF913EB0}.Release|Any CPU.ActiveCfg = Release|Any CPU
		{901FECB5-774B-4938-BA13-D067DF913EB0}.Release|Any CPU.Build.0 = Release|Any CPU
		{5A588E39-22DD-4A3C-B2B6-9A135116747A}.Debug|Any CPU.ActiveCfg = Debug|Any CPU
		{5A588E39-22DD-4A3C-B2B6-9A135116747A}.Debug|Any CPU.Build.0 = Debug|Any CPU
		{5A588E39-22DD-4A3C-B2B6-9A135116747A}.Release|Any CPU.ActiveCfg = Release|Any CPU
		{5A588E39-22DD-4A3C-B2B6-9A135116747A}.Release|Any CPU.Build.0 = Release|Any CPU
		{81C18724-09CB-4CC3-BD55-0706CD780F6C}.Debug|Any CPU.ActiveCfg = Debug|Any CPU
		{81C18724-09CB-4CC3-BD55-0706CD780F6C}.Debug|Any CPU.Build.0 = Debug|Any CPU
		{81C18724-09CB-4CC3-BD55-0706CD780F6C}.Release|Any CPU.ActiveCfg = Release|Any CPU
		{81C18724-09CB-4CC3-BD55-0706CD780F6C}.Release|Any CPU.Build.0 = Release|Any CPU
		{EC5CB20B-83B8-44AE-8287-A48D9C613AE3}.Debug|Any CPU.ActiveCfg = Debug|Any CPU
		{EC5CB20B-83B8-44AE-8287-A48D9C613AE3}.Debug|Any CPU.Build.0 = Debug|Any CPU
		{EC5CB20B-83B8-44AE-8287-A48D9C613AE3}.Release|Any CPU.ActiveCfg = Release|Any CPU
		{EC5CB20B-83B8-44AE-8287-A48D9C613AE3}.Release|Any CPU.Build.0 = Release|Any CPU
		{32EB0C41-6D80-49D6-B961-05ED83632A02}.Debug|Any CPU.ActiveCfg = Debug|Any CPU
		{32EB0C41-6D80-49D6-B961-05ED83632A02}.Debug|Any CPU.Build.0 = Debug|Any CPU
		{32EB0C41-6D80-49D6-B961-05ED83632A02}.Release|Any CPU.ActiveCfg = Release|Any CPU
		{32EB0C41-6D80-49D6-B961-05ED83632A02}.Release|Any CPU.Build.0 = Release|Any CPU
		{0583CF71-6AD8-4074-8B16-493CB621E99A}.Debug|Any CPU.ActiveCfg = Debug|Any CPU
		{0583CF71-6AD8-4074-8B16-493CB621E99A}.Debug|Any CPU.Build.0 = Debug|Any CPU
		{0583CF71-6AD8-4074-8B16-493CB621E99A}.Release|Any CPU.ActiveCfg = Release|Any CPU
		{0583CF71-6AD8-4074-8B16-493CB621E99A}.Release|Any CPU.Build.0 = Release|Any CPU
		{F18D7A49-8717-460C-BEAC-7F6494BCA5E6}.Debug|Any CPU.ActiveCfg = Debug|Any CPU
		{F18D7A49-8717-460C-BEAC-7F6494BCA5E6}.Debug|Any CPU.Build.0 = Debug|Any CPU
		{F18D7A49-8717-460C-BEAC-7F6494BCA5E6}.Release|Any CPU.ActiveCfg = Release|Any CPU
		{F18D7A49-8717-460C-BEAC-7F6494BCA5E6}.Release|Any CPU.Build.0 = Release|Any CPU
	EndGlobalSection
EndGlobal
